// !$*UTF8*$!
{
	archiveVersion = 1;
	classes = {
	};
	objectVersion = 46;
	objects = {

/* Begin PBXBuildFile section */
		D0879CED1C541FAF00EE82A0 /* main.m in Sources */ = {isa = PBXBuildFile; fileRef = D0879CEC1C541FAF00EE82A0 /* main.m */; };
		D0879CF51C541FE600EE82A0 /* Lawyer.m in Sources */ = {isa = PBXBuildFile; fileRef = D0879CF41C541FE600EE82A0 /* Lawyer.m */; };
		D0879CF81C54202500EE82A0 /* Practice.m in Sources */ = {isa = PBXBuildFile; fileRef = D0879CF71C54202500EE82A0 /* Practice.m */; };
		D0879CFB1C5422A200EE82A0 /* Client.m in Sources */ = {isa = PBXBuildFile; fileRef = D0879CFA1C5422A200EE82A0 /* Client.m */; };
		D0879D031C543BCF00EE82A0 /* Associate.m in Sources */ = {isa = PBXBuildFile; fileRef = D0879D021C543BCF00EE82A0 /* Associate.m */; };
/* End PBXBuildFile section */

/* Begin PBXCopyFilesBuildPhase section */
		D0879CE71C541FAF00EE82A0 /* CopyFiles */ = {
			isa = PBXCopyFilesBuildPhase;
			buildActionMask = 2147483647;
			dstPath = /usr/share/man/man1/;
			dstSubfolderSpec = 0;
			files = (
			);
			runOnlyForDeploymentPostprocessing = 1;
		};
/* End PBXCopyFilesBuildPhase section */

/* Begin PBXFileReference section */
		D0879CE91C541FAF00EE82A0 /* LawyerUp */ = {isa = PBXFileReference; explicitFileType = "compiled.mach-o.executable"; includeInIndex = 0; path = LawyerUp; sourceTree = BUILT_PRODUCTS_DIR; };
		D0879CEC1C541FAF00EE82A0 /* main.m */ = {isa = PBXFileReference; lastKnownFileType = sourcecode.c.objc; path = main.m; sourceTree = "<group>"; };
		D0879CF31C541FE600EE82A0 /* Lawyer.h */ = {isa = PBXFileReference; fileEncoding = 4; lastKnownFileType = sourcecode.c.h; path = Lawyer.h; sourceTree = "<group>"; };
		D0879CF41C541FE600EE82A0 /* Lawyer.m */ = {isa = PBXFileReference; fileEncoding = 4; lastKnownFileType = sourcecode.c.objc; path = Lawyer.m; sourceTree = "<group>"; };
		D0879CF61C54202500EE82A0 /* Practice.h */ = {isa = PBXFileReference; fileEncoding = 4; lastKnownFileType = sourcecode.c.h; path = Practice.h; sourceTree = "<group>"; };
		D0879CF71C54202500EE82A0 /* Practice.m */ = {isa = PBXFileReference; fileEncoding = 4; lastKnownFileType = sourcecode.c.objc; path = Practice.m; sourceTree = "<group>"; };
		D0879CF91C5422A200EE82A0 /* Client.h */ = {isa = PBXFileReference; fileEncoding = 4; lastKnownFileType = sourcecode.c.h; path = Client.h; sourceTree = "<group>"; };
		D0879CFA1C5422A200EE82A0 /* Client.m */ = {isa = PBXFileReference; fileEncoding = 4; lastKnownFileType = sourcecode.c.objc; path = Client.m; sourceTree = "<group>"; };
		D0879D001C543B5000EE82A0 /* AssociateDelegate.h */ = {isa = PBXFileReference; fileEncoding = 4; lastKnownFileType = sourcecode.c.h; path = AssociateDelegate.h; sourceTree = "<group>"; };
		D0879D011C543BCF00EE82A0 /* Associate.h */ = {isa = PBXFileReference; fileEncoding = 4; lastKnownFileType = sourcecode.c.h; path = Associate.h; sourceTree = "<group>"; };
		D0879D021C543BCF00EE82A0 /* Associate.m */ = {isa = PBXFileReference; fileEncoding = 4; lastKnownFileType = sourcecode.c.objc; path = Associate.m; sourceTree = "<group>"; };
/* End PBXFileReference section */

/* Begin PBXFrameworksBuildPhase section */
		D0879CE61C541FAF00EE82A0 /* Frameworks */ = {
			isa = PBXFrameworksBuildPhase;
			buildActionMask = 2147483647;
			files = (
			);
			runOnlyForDeploymentPostprocessing = 0;
		};
/* End PBXFrameworksBuildPhase section */

/* Begin PBXGroup section */
		D0879CE01C541FAF00EE82A0 = {
			isa = PBXGroup;
			children = (
				D0879CEB1C541FAF00EE82A0 /* LawyerUp */,
				D0879CEA1C541FAF00EE82A0 /* Products */,
			);
			sourceTree = "<group>";
		};
		D0879CEA1C541FAF00EE82A0 /* Products */ = {
			isa = PBXGroup;
			children = (
				D0879CE91C541FAF00EE82A0 /* LawyerUp */,
			);
			name = Products;
			sourceTree = "<group>";
		};
		D0879CEB1C541FAF00EE82A0 /* LawyerUp */ = {
			isa = PBXGroup;
			children = (
				D0879CEC1C541FAF00EE82A0 /* main.m */,
				D0879CF31C541FE600EE82A0 /* Lawyer.h */,
				D0879CF41C541FE600EE82A0 /* Lawyer.m */,
				D0879D001C543B5000EE82A0 /* AssociateDelegate.h */,
				D0879D011C543BCF00EE82A0 /* Associate.h */,
				D0879D021C543BCF00EE82A0 /* Associate.m */,
				D0879CF61C54202500EE82A0 /* Practice.h */,
				D0879CF71C54202500EE82A0 /* Practice.m */,
				D0879CF91C5422A200EE82A0 /* Client.h */,
				D0879CFA1C5422A200EE82A0 /* Client.m */,
			);
			path = LawyerUp;
			sourceTree = "<group>";
		};
/* End PBXGroup section */

/* Begin PBXNativeTarget section */
		D0879CE81C541FAF00EE82A0 /* LawyerUp */ = {
			isa = PBXNativeTarget;
			buildConfigurationList = D0879CF01C541FAF00EE82A0 /* Build configuration list for PBXNativeTarget "LawyerUp" */;
			buildPhases = (
				D0879CE51C541FAF00EE82A0 /* Sources */,
				D0879CE61C541FAF00EE82A0 /* Frameworks */,
				D0879CE71C541FAF00EE82A0 /* CopyFiles */,
			);
			buildRules = (
			);
			dependencies = (
			);
			name = LawyerUp;
			productName = LawyerUp;
			productReference = D0879CE91C541FAF00EE82A0 /* LawyerUp */;
			productType = "com.apple.product-type.tool";
		};
/* End PBXNativeTarget section */

/* Begin PBXProject section */
		D0879CE11C541FAF00EE82A0 /* Project object */ = {
			isa = PBXProject;
			attributes = {
				LastUpgradeCheck = 0720;
				ORGANIZATIONNAME = "Thiago Heitling";
				TargetAttributes = {
					D0879CE81C541FAF00EE82A0 = {
						CreatedOnToolsVersion = 7.2;
					};
				};
			};
			buildConfigurationList = D0879CE41C541FAF00EE82A0 /* Build configuration list for PBXProject "LawyerUp" */;
			compatibilityVersion = "Xcode 3.2";
			developmentRegion = English;
			hasScannedForEncodings = 0;
			knownRegions = (
				en,
			);
			mainGroup = D0879CE01C541FAF00EE82A0;
			productRefGroup = D0879CEA1C541FAF00EE82A0 /* Products */;
			projectDirPath = "";
			projectRoot = "";
			targets = (
				D0879CE81C541FAF00EE82A0 /* LawyerUp */,
			);
		};
/* End PBXProject section */

/* Begin PBXSourcesBuildPhase section */
		D0879CE51C541FAF00EE82A0 /* Sources */ = {
			isa = PBXSourcesBuildPhase;
			buildActionMask = 2147483647;
			files = (
				D0879CF81C54202500EE82A0 /* Practice.m in Sources */,
				D0879CED1C541FAF00EE82A0 /* main.m in Sources */,
				D0879CFB1C5422A200EE82A0 /* Client.m in Sources */,
				D0879D031C543BCF00EE82A0 /* Associate.m in Sources */,
				D0879CF51C541FE600EE82A0 /* Lawyer.m in Sources */,
			);
			runOnlyForDeploymentPostprocessing = 0;
		};
/* End PBXSourcesBuildPhase section */

/* Begin XCBuildConfiguration section */
		D0879CEE1C541FAF00EE82A0 /* Debug */ = {
			isa = XCBuildConfiguration;
			buildSettings = {
				ALWAYS_SEARCH_USER_PATHS = NO;
				CLANG_CXX_LANGUAGE_STANDARD = "gnu++0x";
				CLANG_CXX_LIBRARY = "libc++";
				CLANG_ENABLE_MODULES = YES;
				CLANG_ENABLE_OBJC_ARC = YES;
				CLANG_WARN_BOOL_CONVERSION = YES;
				CLANG_WARN_CONSTANT_CONVERSION = YES;
				CLANG_WARN_DIRECT_OBJC_ISA_USAGE = YES_ERROR;
				CLANG_WARN_EMPTY_BODY = YES;
				CLANG_WARN_ENUM_CONVERSION = YES;
				CLANG_WARN_INT_CONVERSION = YES;
				CLANG_WARN_OBJC_ROOT_CLASS = YES_ERROR;
				CLANG_WARN_UNREACHABLE_CODE = YES;
				CLANG_WARN__DUPLICATE_METHOD_MATCH = YES;
				CODE_SIGN_IDENTITY = "-";
				COPY_PHASE_STRIP = NO;
				DEBUG_INFORMATION_FORMAT = dwarf;
				ENABLE_STRICT_OBJC_MSGSEND = YES;
				ENABLE_TESTABILITY = YES;
				GCC_C_LANGUAGE_STANDARD = gnu99;
				GCC_DYNAMIC_NO_PIC = NO;
				GCC_NO_COMMON_BLOCKS = YES;
				GCC_OPTIMIZATION_LEVEL = 0;
				GCC_PREPROCESSOR_DEFINITIONS = (
					"DEBUG=1",
					"$(inherited)",
				);
				GCC_WARN_64_TO_32_BIT_CONVERSION = YES;
				GCC_WARN_ABOUT_RETURN_TYPE = YES_ERROR;
				GCC_WARN_UNDECLARED_SELECTOR = YES;
				GCC_WARN_UNINITIALIZED_AUTOS = YES_AGGRESSIVE;
				GCC_WARN_UNUSED_FUNCTION = YES;
				GCC_WARN_UNUSED_VARIABLE = YES;
				MACOSX_DEPLOYMENT_TARGET = 10.11;
				MTL_ENABLE_DEBUG_INFO = YES;
				ONLY_ACTIVE_ARCH = YES;
				SDKROOT = macosx;
			};
			name = Debug;
		};
		D0879CEF1C541FAF00EE82A0 /* Release */ = {
			isa = XCBuildConfiguration;
			buildSettings = {
				ALWAYS_SEARCH_USER_PATHS = NO;
				CLANG_CXX_LANGUAGE_STANDARD = "gnu++0x";
				CLANG_CXX_LIBRARY = "libc++";
				CLANG_ENABLE_MODULES = YES;
				CLANG_ENABLE_OBJC_ARC = YES;
				CLANG_WARN_BOOL_CONVERSION = YES;
				CLANG_WARN_CONSTANT_CONVERSION = YES;
				CLANG_WARN_DIRECT_OBJC_ISA_USAGE = YES_ERROR;
				CLANG_WARN_EMPTY_BODY = YES;
				CLANG_WARN_ENUM_CONVERSION = YES;
				CLANG_WARN_INT_CONVERSION = YES;
				CLANG_WARN_OBJC_ROOT_CLASS = YES_ERROR;
				CLANG_WARN_UNREACHABLE_CODE = YES;
				CLANG_WARN__DUPLICATE_METHOD_MATCH = YES;
				CODE_SIGN_IDENTITY = "-";
				COPY_PHASE_STRIP = NO;
				DEBUG_INFORMATION_FORMAT = "dwarf-with-dsym";
				ENABLE_NS_ASSERTIONS = NO;
				ENABLE_STRICT_OBJC_MSGSEND = YES;
				GCC_C_LANGUAGE_STANDARD = gnu99;
				GCC_NO_COMMON_BLOCKS = YES;
				GCC_WARN_64_TO_32_BIT_CONVERSION = YES;
				GCC_WARN_ABOUT_RETURN_TYPE = YES_ERROR;
				GCC_WARN_UNDECLARED_SELECTOR = YES;
				GCC_WARN_UNINITIALIZED_AUTOS = YES_AGGRESSIVE;
				GCC_WARN_UNUSED_FUNCTION = YES;
				GCC_WARN_UNUSED_VARIABLE = YES;
				MACOSX_DEPLOYMENT_TARGET = 10.11;
				MTL_ENABLE_DEBUG_INFO = NO;
				SDKROOT = macosx;
			};
			name = Release;
		};
		D0879CF11C541FAF00EE82A0 /* Debug */ = {
			isa = XCBuildConfiguration;
			buildSettings = {
				PRODUCT_NAME = "$(TARGET_NAME)";
			};
			name = Debug;
		};
		D0879CF21C541FAF00EE82A0 /* Release */ = {
			isa = XCBuildConfiguration;
			buildSettings = {
				PRODUCT_NAME = "$(TARGET_NAME)";
			};
			name = Release;
		};
/* End XCBuildConfiguration section */

/* Begin XCConfigurationList section */
		D0879CE41C541FAF00EE82A0 /* Build configuration list for PBXProject "LawyerUp" */ = {
			isa = XCConfigurationList;
			buildConfigurations = (
				D0879CEE1C541FAF00EE82A0 /* Debug */,
				D0879CEF1C541FAF00EE82A0 /* Release */,
			);
			defaultConfigurationIsVisible = 0;
			defaultConfigurationName = Release;
		};
		D0879CF01C541FAF00EE82A0 /* Build configuration list for PBXNativeTarget "LawyerUp" */ = {
			isa = XCConfigurationList;
			buildConfigurations = (
				D0879CF11C541FAF00EE82A0 /* Debug */,
				D0879CF21C541FAF00EE82A0 /* Release */,
			);
			defaultConfigurationIsVisible = 0;
		};
/* End XCConfigurationList section */
	};
	rootObject = D0879CE11C541FAF00EE82A0 /* Project object */;
}
